// !$*UTF8*$!
{
	archiveVersion = 1;
	classes = {
	};
	objectVersion = 55;
	objects = {

/* Begin PBXBuildFile section */
		41E78636278CEC1300AB96D4 /* OrionApp.swift in Sources */ = {isa = PBXBuildFile; fileRef = 41E78635278CEC1300AB96D4 /* OrionApp.swift */; };
		41E78638278CEC1300AB96D4 /* ContentView.swift in Sources */ = {isa = PBXBuildFile; fileRef = 41E78637278CEC1300AB96D4 /* ContentView.swift */; };
		41E7863A278CEC1500AB96D4 /* Assets.xcassets in Resources */ = {isa = PBXBuildFile; fileRef = 41E78639278CEC1500AB96D4 /* Assets.xcassets */; };
		41E7863D278CEC1500AB96D4 /* Preview Assets.xcassets in Resources */ = {isa = PBXBuildFile; fileRef = 41E7863C278CEC1500AB96D4 /* Preview Assets.xcassets */; };
		41E78648278CEC1600AB96D4 /* OrionTests.swift in Sources */ = {isa = PBXBuildFile; fileRef = 41E78647278CEC1600AB96D4 /* OrionTests.swift */; };
		41E78652278CEC1600AB96D4 /* OrionUITests.swift in Sources */ = {isa = PBXBuildFile; fileRef = 41E78651278CEC1600AB96D4 /* OrionUITests.swift */; };
		41E78654278CEC1600AB96D4 /* OrionUITestsLaunchTests.swift in Sources */ = {isa = PBXBuildFile; fileRef = 41E78653278CEC1600AB96D4 /* OrionUITestsLaunchTests.swift */; };
/* End PBXBuildFile section */

/* Begin PBXContainerItemProxy section */
		41E78644278CEC1600AB96D4 /* PBXContainerItemProxy */ = {
			isa = PBXContainerItemProxy;
			containerPortal = 41E7862A278CEC1300AB96D4 /* Project object */;
			proxyType = 1;
			remoteGlobalIDString = 41E78631278CEC1300AB96D4;
			remoteInfo = Orion;
		};
		41E7864E278CEC1600AB96D4 /* PBXContainerItemProxy */ = {
			isa = PBXContainerItemProxy;
			containerPortal = 41E7862A278CEC1300AB96D4 /* Project object */;
			proxyType = 1;
			remoteGlobalIDString = 41E78631278CEC1300AB96D4;
			remoteInfo = Orion;
		};
/* End PBXContainerItemProxy section */

/* Begin PBXFileReference section */
		41E78632278CEC1300AB96D4 /* Orion.app */ = {isa = PBXFileReference; explicitFileType = wrapper.application; includeInIndex = 0; path = Orion.app; sourceTree = BUILT_PRODUCTS_DIR; };
		41E78635278CEC1300AB96D4 /* OrionApp.swift */ = {isa = PBXFileReference; lastKnownFileType = sourcecode.swift; path = OrionApp.swift; sourceTree = "<group>"; };
		41E78637278CEC1300AB96D4 /* ContentView.swift */ = {isa = PBXFileReference; lastKnownFileType = sourcecode.swift; path = ContentView.swift; sourceTree = "<group>"; };
		41E78639278CEC1500AB96D4 /* Assets.xcassets */ = {isa = PBXFileReference; lastKnownFileType = folder.assetcatalog; path = Assets.xcassets; sourceTree = "<group>"; };
		41E7863C278CEC1500AB96D4 /* Preview Assets.xcassets */ = {isa = PBXFileReference; lastKnownFileType = folder.assetcatalog; path = "Preview Assets.xcassets"; sourceTree = "<group>"; };
		41E7863E278CEC1500AB96D4 /* Orion.entitlements */ = {isa = PBXFileReference; lastKnownFileType = text.plist.entitlements; path = Orion.entitlements; sourceTree = "<group>"; };
		41E78643278CEC1600AB96D4 /* OrionTests.xctest */ = {isa = PBXFileReference; explicitFileType = wrapper.cfbundle; includeInIndex = 0; path = OrionTests.xctest; sourceTree = BUILT_PRODUCTS_DIR; };
		41E78647278CEC1600AB96D4 /* OrionTests.swift */ = {isa = PBXFileReference; lastKnownFileType = sourcecode.swift; path = OrionTests.swift; sourceTree = "<group>"; };
		41E7864D278CEC1600AB96D4 /* OrionUITests.xctest */ = {isa = PBXFileReference; explicitFileType = wrapper.cfbundle; includeInIndex = 0; path = OrionUITests.xctest; sourceTree = BUILT_PRODUCTS_DIR; };
		41E78651278CEC1600AB96D4 /* OrionUITests.swift */ = {isa = PBXFileReference; lastKnownFileType = sourcecode.swift; path = OrionUITests.swift; sourceTree = "<group>"; };
		41E78653278CEC1600AB96D4 /* OrionUITestsLaunchTests.swift */ = {isa = PBXFileReference; lastKnownFileType = sourcecode.swift; path = OrionUITestsLaunchTests.swift; sourceTree = "<group>"; };
/* End PBXFileReference section */

/* Begin PBXFrameworksBuildPhase section */
		41E7862F278CEC1300AB96D4 /* Frameworks */ = {
			isa = PBXFrameworksBuildPhase;
			buildActionMask = 2147483647;
			files = (
			);
			runOnlyForDeploymentPostprocessing = 0;
		};
		41E78640278CEC1600AB96D4 /* Frameworks */ = {
			isa = PBXFrameworksBuildPhase;
			buildActionMask = 2147483647;
			files = (
			);
			runOnlyForDeploymentPostprocessing = 0;
		};
		41E7864A278CEC1600AB96D4 /* Frameworks */ = {
			isa = PBXFrameworksBuildPhase;
			buildActionMask = 2147483647;
			files = (
			);
			runOnlyForDeploymentPostprocessing = 0;
		};
/* End PBXFrameworksBuildPhase section */

/* Begin PBXGroup section */
		41E78629278CEC1300AB96D4 = {
			isa = PBXGroup;
			children = (
				41E78634278CEC1300AB96D4 /* Orion */,
				41E78646278CEC1600AB96D4 /* OrionTests */,
				41E78650278CEC1600AB96D4 /* OrionUITests */,
				41E78633278CEC1300AB96D4 /* Products */,
			);
			sourceTree = "<group>";
		};
		41E78633278CEC1300AB96D4 /* Products */ = {
			isa = PBXGroup;
			children = (
				41E78632278CEC1300AB96D4 /* Orion.app */,
				41E78643278CEC1600AB96D4 /* OrionTests.xctest */,
				41E7864D278CEC1600AB96D4 /* OrionUITests.xctest */,
			);
			name = Products;
			sourceTree = "<group>";
		};
		41E78634278CEC1300AB96D4 /* Orion */ = {
			isa = PBXGroup;
			children = (
				41E78635278CEC1300AB96D4 /* OrionApp.swift */,
				41E78637278CEC1300AB96D4 /* ContentView.swift */,
				41E78639278CEC1500AB96D4 /* Assets.xcassets */,
				41E7863E278CEC1500AB96D4 /* Orion.entitlements */,
				41E7863B278CEC1500AB96D4 /* Preview Content */,
			);
			path = Orion;
			sourceTree = "<group>";
		};
		41E7863B278CEC1500AB96D4 /* Preview Content */ = {
			isa = PBXGroup;
			children = (
				41E7863C278CEC1500AB96D4 /* Preview Assets.xcassets */,
			);
			path = "Preview Content";
			sourceTree = "<group>";
		};
		41E78646278CEC1600AB96D4 /* OrionTests */ = {
			isa = PBXGroup;
			children = (
				41E78647278CEC1600AB96D4 /* OrionTests.swift */,
			);
			path = OrionTests;
			sourceTree = "<group>";
		};
		41E78650278CEC1600AB96D4 /* OrionUITests */ = {
			isa = PBXGroup;
			children = (
				41E78651278CEC1600AB96D4 /* OrionUITests.swift */,
				41E78653278CEC1600AB96D4 /* OrionUITestsLaunchTests.swift */,
			);
			path = OrionUITests;
			sourceTree = "<group>";
		};
/* End PBXGroup section */

/* Begin PBXNativeTarget section */
		41E78631278CEC1300AB96D4 /* Orion */ = {
			isa = PBXNativeTarget;
			buildConfigurationList = 41E78657278CEC1600AB96D4 /* Build configuration list for PBXNativeTarget "Orion" */;
			buildPhases = (
				41E7862E278CEC1300AB96D4 /* Sources */,
				41E7862F278CEC1300AB96D4 /* Frameworks */,
				41E78630278CEC1300AB96D4 /* Resources */,
			);
			buildRules = (
			);
			dependencies = (
			);
			name = Orion;
			productName = Orion;
			productReference = 41E78632278CEC1300AB96D4 /* Orion.app */;
			productType = "com.apple.product-type.application";
		};
		41E78642278CEC1600AB96D4 /* OrionTests */ = {
			isa = PBXNativeTarget;
			buildConfigurationList = 41E7865A278CEC1600AB96D4 /* Build configuration list for PBXNativeTarget "OrionTests" */;
			buildPhases = (
				41E7863F278CEC1600AB96D4 /* Sources */,
				41E78640278CEC1600AB96D4 /* Frameworks */,
				41E78641278CEC1600AB96D4 /* Resources */,
			);
			buildRules = (
			);
			dependencies = (
				41E78645278CEC1600AB96D4 /* PBXTargetDependency */,
			);
			name = OrionTests;
			productName = OrionTests;
			productReference = 41E78643278CEC1600AB96D4 /* OrionTests.xctest */;
			productType = "com.apple.product-type.bundle.unit-test";
		};
		41E7864C278CEC1600AB96D4 /* OrionUITests */ = {
			isa = PBXNativeTarget;
			buildConfigurationList = 41E7865D278CEC1600AB96D4 /* Build configuration list for PBXNativeTarget "OrionUITests" */;
			buildPhases = (
				41E78649278CEC1600AB96D4 /* Sources */,
				41E7864A278CEC1600AB96D4 /* Frameworks */,
				41E7864B278CEC1600AB96D4 /* Resources */,
			);
			buildRules = (
			);
			dependencies = (
				41E7864F278CEC1600AB96D4 /* PBXTargetDependency */,
			);
			name = OrionUITests;
			productName = OrionUITests;
			productReference = 41E7864D278CEC1600AB96D4 /* OrionUITests.xctest */;
			productType = "com.apple.product-type.bundle.ui-testing";
		};
/* End PBXNativeTarget section */

/* Begin PBXProject section */
		41E7862A278CEC1300AB96D4 /* Project object */ = {
			isa = PBXProject;
			attributes = {
				BuildIndependentTargetsInParallel = 1;
				LastSwiftUpdateCheck = 1320;
				LastUpgradeCheck = 1320;
				TargetAttributes = {
					41E78631278CEC1300AB96D4 = {
						CreatedOnToolsVersion = 13.2.1;
					};
					41E78642278CEC1600AB96D4 = {
						CreatedOnToolsVersion = 13.2.1;
						TestTargetID = 41E78631278CEC1300AB96D4;
					};
					41E7864C278CEC1600AB96D4 = {
						CreatedOnToolsVersion = 13.2.1;
						TestTargetID = 41E78631278CEC1300AB96D4;
					};
				};
			};
			buildConfigurationList = 41E7862D278CEC1300AB96D4 /* Build configuration list for PBXProject "Orion" */;
			compatibilityVersion = "Xcode 13.0";
			developmentRegion = en;
			hasScannedForEncodings = 0;
			knownRegions = (
				en,
				Base,
			);
			mainGroup = 41E78629278CEC1300AB96D4;
			productRefGroup = 41E78633278CEC1300AB96D4 /* Products */;
			projectDirPath = "";
			projectRoot = "";
			targets = (
				41E78631278CEC1300AB96D4 /* Orion */,
				41E78642278CEC1600AB96D4 /* OrionTests */,
				41E7864C278CEC1600AB96D4 /* OrionUITests */,
			);
		};
/* End PBXProject section */

/* Begin PBXResourcesBuildPhase section */
		41E78630278CEC1300AB96D4 /* Resources */ = {
			isa = PBXResourcesBuildPhase;
			buildActionMask = 2147483647;
			files = (
				41E7863D278CEC1500AB96D4 /* Preview Assets.xcassets in Resources */,
				41E7863A278CEC1500AB96D4 /* Assets.xcassets in Resources */,
			);
			runOnlyForDeploymentPostprocessing = 0;
		};
		41E78641278CEC1600AB96D4 /* Resources */ = {
			isa = PBXResourcesBuildPhase;
			buildActionMask = 2147483647;
			files = (
			);
			runOnlyForDeploymentPostprocessing = 0;
		};
		41E7864B278CEC1600AB96D4 /* Resources */ = {
			isa = PBXResourcesBuildPhase;
			buildActionMask = 2147483647;
			files = (
			);
			runOnlyForDeploymentPostprocessing = 0;
		};
/* End PBXResourcesBuildPhase section */

/* Begin PBXSourcesBuildPhase section */
		41E7862E278CEC1300AB96D4 /* Sources */ = {
			isa = PBXSourcesBuildPhase;
			buildActionMask = 2147483647;
			files = (
				41E78638278CEC1300AB96D4 /* ContentView.swift in Sources */,
				41E78636278CEC1300AB96D4 /* OrionApp.swift in Sources */,
			);
			runOnlyForDeploymentPostprocessing = 0;
		};
		41E7863F278CEC1600AB96D4 /* Sources */ = {
			isa = PBXSourcesBuildPhase;
			buildActionMask = 2147483647;
			files = (
				41E78648278CEC1600AB96D4 /* OrionTests.swift in Sources */,
			);
			runOnlyForDeploymentPostprocessing = 0;
		};
		41E78649278CEC1600AB96D4 /* Sources */ = {
			isa = PBXSourcesBuildPhase;
			buildActionMask = 2147483647;
			files = (
				41E78654278CEC1600AB96D4 /* OrionUITestsLaunchTests.swift in Sources */,
				41E78652278CEC1600AB96D4 /* OrionUITests.swift in Sources */,
			);
			runOnlyForDeploymentPostprocessing = 0;
		};
/* End PBXSourcesBuildPhase section */

/* Begin PBXTargetDependency section */
		41E78645278CEC1600AB96D4 /* PBXTargetDependency */ = {
			isa = PBXTargetDependency;
			target = 41E78631278CEC1300AB96D4 /* Orion */;
			targetProxy = 41E78644278CEC1600AB96D4 /* PBXContainerItemProxy */;
		};
		41E7864F278CEC1600AB96D4 /* PBXTargetDependency */ = {
			isa = PBXTargetDependency;
			target = 41E78631278CEC1300AB96D4 /* Orion */;
			targetProxy = 41E7864E278CEC1600AB96D4 /* PBXContainerItemProxy */;
		};
/* End PBXTargetDependency section */

/* Begin XCBuildConfiguration section */
		41E78655278CEC1600AB96D4 /* Debug */ = {
			isa = XCBuildConfiguration;
			buildSettings = {
				ALWAYS_SEARCH_USER_PATHS = NO;
				CLANG_ANALYZER_NONNULL = YES;
				CLANG_ANALYZER_NUMBER_OBJECT_CONVERSION = YES_AGGRESSIVE;
				CLANG_CXX_LANGUAGE_STANDARD = "gnu++17";
				CLANG_CXX_LIBRARY = "libc++";
				CLANG_ENABLE_MODULES = YES;
				CLANG_ENABLE_OBJC_ARC = YES;
				CLANG_ENABLE_OBJC_WEAK = YES;
				CLANG_WARN_BLOCK_CAPTURE_AUTORELEASING = YES;
				CLANG_WARN_BOOL_CONVERSION = YES;
				CLANG_WARN_COMMA = YES;
				CLANG_WARN_CONSTANT_CONVERSION = YES;
				CLANG_WARN_DEPRECATED_OBJC_IMPLEMENTATIONS = YES;
				CLANG_WARN_DIRECT_OBJC_ISA_USAGE = YES_ERROR;
				CLANG_WARN_DOCUMENTATION_COMMENTS = YES;
				CLANG_WARN_EMPTY_BODY = YES;
				CLANG_WARN_ENUM_CONVERSION = YES;
				CLANG_WARN_INFINITE_RECURSION = YES;
				CLANG_WARN_INT_CONVERSION = YES;
				CLANG_WARN_NON_LITERAL_NULL_CONVERSION = YES;
				CLANG_WARN_OBJC_IMPLICIT_RETAIN_SELF = YES;
				CLANG_WARN_OBJC_LITERAL_CONVERSION = YES;
				CLANG_WARN_OBJC_ROOT_CLASS = YES_ERROR;
				CLANG_WARN_QUOTED_INCLUDE_IN_FRAMEWORK_HEADER = YES;
				CLANG_WARN_RANGE_LOOP_ANALYSIS = YES;
				CLANG_WARN_STRICT_PROTOTYPES = YES;
				CLANG_WARN_SUSPICIOUS_MOVE = YES;
				CLANG_WARN_UNGUARDED_AVAILABILITY = YES_AGGRESSIVE;
				CLANG_WARN_UNREACHABLE_CODE = YES;
				CLANG_WARN__DUPLICATE_METHOD_MATCH = YES;
				COPY_PHASE_STRIP = NO;
				DEBUG_INFORMATION_FORMAT = dwarf;
				ENABLE_STRICT_OBJC_MSGSEND = YES;
				ENABLE_TESTABILITY = YES;
				GCC_C_LANGUAGE_STANDARD = gnu11;
				GCC_DYNAMIC_NO_PIC = NO;
				GCC_NO_COMMON_BLOCKS = YES;
				GCC_OPTIMIZATION_LEVEL = 0;
				GCC_PREPROCESSOR_DEFINITIONS = (
					"DEBUG=1",
					"$(inherited)",
				);
				GCC_WARN_64_TO_32_BIT_CONVERSION = YES;
				GCC_WARN_ABOUT_RETURN_TYPE = YES_ERROR;
				GCC_WARN_UNDECLARED_SELECTOR = YES;
				GCC_WARN_UNINITIALIZED_AUTOS = YES_AGGRESSIVE;
				GCC_WARN_UNUSED_FUNCTION = YES;
				GCC_WARN_UNUSED_VARIABLE = YES;
				MACOSX_DEPLOYMENT_TARGET = 12.1;
				MTL_ENABLE_DEBUG_INFO = INCLUDE_SOURCE;
				MTL_FAST_MATH = YES;
				ONLY_ACTIVE_ARCH = YES;
				SDKROOT = macosx;
				SWIFT_ACTIVE_COMPILATION_CONDITIONS = DEBUG;
				SWIFT_OPTIMIZATION_LEVEL = "-Onone";
			};
			name = Debug;
		};
		41E78656278CEC1600AB96D4 /* Release */ = {
			isa = XCBuildConfiguration;
			buildSettings = {
				ALWAYS_SEARCH_USER_PATHS = NO;
				CLANG_ANALYZER_NONNULL = YES;
				CLANG_ANALYZER_NUMBER_OBJECT_CONVERSION = YES_AGGRESSIVE;
				CLANG_CXX_LANGUAGE_STANDARD = "gnu++17";
				CLANG_CXX_LIBRARY = "libc++";
				CLANG_ENABLE_MODULES = YES;
				CLANG_ENABLE_OBJC_ARC = YES;
				CLANG_ENABLE_OBJC_WEAK = YES;
				CLANG_WARN_BLOCK_CAPTURE_AUTORELEASING = YES;
				CLANG_WARN_BOOL_CONVERSION = YES;
				CLANG_WARN_COMMA = YES;
				CLANG_WARN_CONSTANT_CONVERSION = YES;
				CLANG_WARN_DEPRECATED_OBJC_IMPLEMENTATIONS = YES;
				CLANG_WARN_DIRECT_OBJC_ISA_USAGE = YES_ERROR;
				CLANG_WARN_DOCUMENTATION_COMMENTS = YES;
				CLANG_WARN_EMPTY_BODY = YES;
				CLANG_WARN_ENUM_CONVERSION = YES;
				CLANG_WARN_INFINITE_RECURSION = YES;
				CLANG_WARN_INT_CONVERSION = YES;
				CLANG_WARN_NON_LITERAL_NULL_CONVERSION = YES;
				CLANG_WARN_OBJC_IMPLICIT_RETAIN_SELF = YES;
				CLANG_WARN_OBJC_LITERAL_CONVERSION = YES;
				CLANG_WARN_OBJC_ROOT_CLASS = YES_ERROR;
				CLANG_WARN_QUOTED_INCLUDE_IN_FRAMEWORK_HEADER = YES;
				CLANG_WARN_RANGE_LOOP_ANALYSIS = YES;
				CLANG_WARN_STRICT_PROTOTYPES = YES;
				CLANG_WARN_SUSPICIOUS_MOVE = YES;
				CLANG_WARN_UNGUARDED_AVAILABILITY = YES_AGGRESSIVE;
				CLANG_WARN_UNREACHABLE_CODE = YES;
				CLANG_WARN__DUPLICATE_METHOD_MATCH = YES;
				COPY_PHASE_STRIP = NO;
				DEBUG_INFORMATION_FORMAT = "dwarf-with-dsym";
				ENABLE_NS_ASSERTIONS = NO;
				ENABLE_STRICT_OBJC_MSGSEND = YES;
				GCC_C_LANGUAGE_STANDARD = gnu11;
				GCC_NO_COMMON_BLOCKS = YES;
				GCC_WARN_64_TO_32_BIT_CONVERSION = YES;
				GCC_WARN_ABOUT_RETURN_TYPE = YES_ERROR;
				GCC_WARN_UNDECLARED_SELECTOR = YES;
				GCC_WARN_UNINITIALIZED_AUTOS = YES_AGGRESSIVE;
				GCC_WARN_UNUSED_FUNCTION = YES;
				GCC_WARN_UNUSED_VARIABLE = YES;
				MACOSX_DEPLOYMENT_TARGET = 12.1;
				MTL_ENABLE_DEBUG_INFO = NO;
				MTL_FAST_MATH = YES;
				SDKROOT = macosx;
				SWIFT_COMPILATION_MODE = wholemodule;
				SWIFT_OPTIMIZATION_LEVEL = "-O";
			};
			name = Release;
		};
		41E78658278CEC1600AB96D4 /* Debug */ = {
			isa = XCBuildConfiguration;
			buildSettings = {
				ASSETCATALOG_COMPILER_APPICON_NAME = AppIcon;
				ASSETCATALOG_COMPILER_GLOBAL_ACCENT_COLOR_NAME = AccentColor;
				CODE_SIGN_ENTITLEMENTS = Orion/Orion.entitlements;
				CODE_SIGN_STYLE = Automatic;
				COMBINE_HIDPI_IMAGES = YES;
				CURRENT_PROJECT_VERSION = 1;
				DEVELOPMENT_ASSET_PATHS = "\"Orion/Preview Content\"";
				ENABLE_PREVIEWS = YES;
				GENERATE_INFOPLIST_FILE = YES;
				INFOPLIST_KEY_NSHumanReadableCopyright = "";
				LD_RUNPATH_SEARCH_PATHS = (
					"$(inherited)",
					"@executable_path/../Frameworks",
				);
				MARKETING_VERSION = 1.0;
				PRODUCT_BUNDLE_IDENTIFIER = kaiser.Orion;
				PRODUCT_NAME = "$(TARGET_NAME)";
				SWIFT_EMIT_LOC_STRINGS = YES;
				SWIFT_VERSION = 5.0;
			};
			name = Debug;
		};
		41E78659278CEC1600AB96D4 /* Release */ = {
			isa = XCBuildConfiguration;
			buildSettings = {
				ASSETCATALOG_COMPILER_APPICON_NAME = AppIcon;
				ASSETCATALOG_COMPILER_GLOBAL_ACCENT_COLOR_NAME = AccentColor;
				CODE_SIGN_ENTITLEMENTS = Orion/Orion.entitlements;
				CODE_SIGN_STYLE = Automatic;
				COMBINE_HIDPI_IMAGES = YES;
				CURRENT_PROJECT_VERSION = 1;
				DEVELOPMENT_ASSET_PATHS = "\"Orion/Preview Content\"";
				ENABLE_PREVIEWS = YES;
				GENERATE_INFOPLIST_FILE = YES;
				INFOPLIST_KEY_NSHumanReadableCopyright = "";
				LD_RUNPATH_SEARCH_PATHS = (
					"$(inherited)",
					"@executable_path/../Frameworks",
				);
				MARKETING_VERSION = 1.0;
				PRODUCT_BUNDLE_IDENTIFIER = kaiser.Orion;
				PRODUCT_NAME = "$(TARGET_NAME)";
				SWIFT_EMIT_LOC_STRINGS = YES;
				SWIFT_VERSION = 5.0;
			};
			name = Release;
		};
		41E7865B278CEC1600AB96D4 /* Debug */ = {
			isa = XCBuildConfiguration;
			buildSettings = {
				ALWAYS_EMBED_SWIFT_STANDARD_LIBRARIES = YES;
				BUNDLE_LOADER = "$(TEST_HOST)";
				CODE_SIGN_STYLE = Automatic;
				CURRENT_PROJECT_VERSION = 1;
				GENERATE_INFOPLIST_FILE = YES;
				MACOSX_DEPLOYMENT_TARGET = 12.1;
				MARKETING_VERSION = 1.0;
				PRODUCT_BUNDLE_IDENTIFIER = kaiser.OrionTests;
				PRODUCT_NAME = "$(TARGET_NAME)";
				SWIFT_EMIT_LOC_STRINGS = NO;
				SWIFT_VERSION = 5.0;
				TEST_HOST = "$(BUILT_PRODUCTS_DIR)/Orion.app/Contents/MacOS/Orion";
			};
			name = Debug;
		};
		41E7865C278CEC1600AB96D4 /* Release */ = {
			isa = XCBuildConfiguration;
			buildSettings = {
				ALWAYS_EMBED_SWIFT_STANDARD_LIBRARIES = YES;
				BUNDLE_LOADER = "$(TEST_HOST)";
				CODE_SIGN_STYLE = Automatic;
				CURRENT_PROJECT_VERSION = 1;
				GENERATE_INFOPLIST_FILE = YES;
				MACOSX_DEPLOYMENT_TARGET = 12.1;
				MARKETING_VERSION = 1.0;
				PRODUCT_BUNDLE_IDENTIFIER = kaiser.OrionTests;
				PRODUCT_NAME = "$(TARGET_NAME)";
				SWIFT_EMIT_LOC_STRINGS = NO;
				SWIFT_VERSION = 5.0;
				TEST_HOST = "$(BUILT_PRODUCTS_DIR)/Orion.app/Contents/MacOS/Orion";
			};
			name = Release;
		};
		41E7865E278CEC1600AB96D4 /* Debug */ = {
			isa = XCBuildConfiguration;
			buildSettings = {
				ALWAYS_EMBED_SWIFT_STANDARD_LIBRARIES = YES;
				CODE_SIGN_STYLE = Automatic;
				CURRENT_PROJECT_VERSION = 1;
				GENERATE_INFOPLIST_FILE = YES;
				MARKETING_VERSION = 1.0;
				PRODUCT_BUNDLE_IDENTIFIER = kaiser.OrionUITests;
				PRODUCT_NAME = "$(TARGET_NAME)";
				SWIFT_EMIT_LOC_STRINGS = NO;
				SWIFT_VERSION = 5.0;
				TEST_TARGET_NAME = Orion;
			};
			name = Debug;
		};
		41E7865F278CEC1600AB96D4 /* Release */ = {
			isa = XCBuildConfiguration;
			buildSettings = {
				ALWAYS_EMBED_SWIFT_STANDARD_LIBRARIES = YES;
				CODE_SIGN_STYLE = Automatic;
				CURRENT_PROJECT_VERSION = 1;
				GENERATE_INFOPLIST_FILE = YES;
				MARKETING_VERSION = 1.0;
				PRODUCT_BUNDLE_IDENTIFIER = kaiser.OrionUITests;
				PRODUCT_NAME = "$(TARGET_NAME)";
				SWIFT_EMIT_LOC_STRINGS = NO;
				SWIFT_VERSION = 5.0;
				TEST_TARGET_NAME = Orion;
			};
			name = Release;
		};
/* End XCBuildConfiguration section */

/* Begin XCConfigurationList section */
		41E7862D278CEC1300AB96D4 /* Build configuration list for PBXProject "Orion" */ = {
			isa = XCConfigurationList;
			buildConfigurations = (
				41E78655278CEC1600AB96D4 /* Debug */,
				41E78656278CEC1600AB96D4 /* Release */,
			);
			defaultConfigurationIsVisible = 0;
			defaultConfigurationName = Release;
		};
		41E78657278CEC1600AB96D4 /* Build configuration list for PBXNativeTarget "Orion" */ = {
			isa = XCConfigurationList;
			buildConfigurations = (
				41E78658278CEC1600AB96D4 /* Debug */,
				41E78659278CEC1600AB96D4 /* Release */,
			);
			defaultConfigurationIsVisible = 0;
			defaultConfigurationName = Release;
		};
		41E7865A278CEC1600AB96D4 /* Build configuration list for PBXNativeTarget "OrionTests" */ = {
			isa = XCConfigurationList;
			buildConfigurations = (
				41E7865B278CEC1600AB96D4 /* Debug */,
				41E7865C278CEC1600AB96D4 /* Release */,
			);
			defaultConfigurationIsVisible = 0;
			defaultConfigurationName = Release;
		};
		41E7865D278CEC1600AB96D4 /* Build configuration list for PBXNativeTarget "OrionUITests" */ = {
			isa = XCConfigurationList;
			buildConfigurations = (
				41E7865E278CEC1600AB96D4 /* Debug */,
				41E7865F278CEC1600AB96D4 /* Release */,
			);
			defaultConfigurationIsVisible = 0;
			defaultConfigurationName = Release;
		};
/* End XCConfigurationList section */
	};
	rootObject = 41E7862A278CEC1300AB96D4 /* Project object */;
}
